
Microsoft Visual Studio Solution File, Format Version 12.00
# Visual Studio Version 17
VisualStudioVersion = 17.4.33103.184
MinimumVisualStudioVersion = 10.0.40219.1
Project("{FAE04EC0-301F-11D3-BF4B-00C04F79EFBC}") = "lesson2", "lesson2\lesson2.csproj", "{A9764241-07DE-49C6-86D7-517B9E03E5D6}"
EndProject
Global
	GlobalSection(SolutionConfigurationPlatforms) = preSolution
		Debug|Any CPU = Debug|Any CPU
		Release|Any CPU = Release|Any CPU
	EndGlobalSection
	GlobalSection(ProjectConfigurationPlatforms) = postSolution
		{A9764241-07DE-49C6-86D7-517B9E03E5D6}.Debug|Any CPU.ActiveCfg = Debug|Any CPU
		{A9764241-07DE-49C6-86D7-517B9E03E5D6}.Debug|Any CPU.Build.0 = Debug|Any CPU
		{A9764241-07DE-49C6-86D7-517B9E03E5D6}.Release|Any CPU.ActiveCfg = Release|Any CPU
		{A9764241-07DE-49C6-86D7-517B9E03E5D6}.Release|Any CPU.Build.0 = Release|Any CPU
	EndGlobalSection
	GlobalSection(SolutionProperties) = preSolution
		HideSolutionNode = FALSE
	EndGlobalSection
	GlobalSection(ExtensibilityGlobals) = postSolution
		SolutionGuid = {4C41C193-C088-454A-9F54-EAB4718188B5}
	EndGlobalSection
EndGlobal
